
Microsoft Visual Studio Solution File, Format Version 12.00
# Visual Studio Version 17
VisualStudioVersion = 17.0.31903.59
MinimumVisualStudioVersion = 10.0.40219.1
Project("{2150E333-8FDC-42A3-9474-1A3956D46DE8}") = "src", "src", "{B78ABB3C-6E86-4329-9121-35CE63305882}"
EndProject
Project("{FAE04EC0-301F-11D3-BF4B-00C04F79EFBC}") = "AuctionService", "src\AuctionService\AuctionService.csproj", "{098B31EF-7DE6-4245-B51B-01DE3AFBC573}"
EndProject
Project("{FAE04EC0-301F-11D3-BF4B-00C04F79EFBC}") = "SearchService", "src\SearchService\SearchService.csproj", "{2E2BC694-FF1B-46D9-B742-1CC721F51BC5}"
EndProject
Project("{FAE04EC0-301F-11D3-BF4B-00C04F79EFBC}") = "Contracts", "src\Contracts\Contracts.csproj", "{78EA85D2-CE8E-4077-9575-F46D32840D7E}"
EndProject
Project("{FAE04EC0-301F-11D3-BF4B-00C04F79EFBC}") = "IdentityService", "src\IdentityService\IdentityService.csproj", "{3B52D413-6BD5-4E92-86D6-3EBE9D3BFAC3}"
EndProject
Global
	GlobalSection(SolutionConfigurationPlatforms) = preSolution
		Debug|Any CPU = Debug|Any CPU
		Release|Any CPU = Release|Any CPU
	EndGlobalSection
	GlobalSection(SolutionProperties) = preSolution
		HideSolutionNode = FALSE
	EndGlobalSection
	GlobalSection(ProjectConfigurationPlatforms) = postSolution
		{098B31EF-7DE6-4245-B51B-01DE3AFBC573}.Debug|Any CPU.ActiveCfg = Debug|Any CPU
		{098B31EF-7DE6-4245-B51B-01DE3AFBC573}.Debug|Any CPU.Build.0 = Debug|Any CPU
		{098B31EF-7DE6-4245-B51B-01DE3AFBC573}.Release|Any CPU.ActiveCfg = Release|Any CPU
		{098B31EF-7DE6-4245-B51B-01DE3AFBC573}.Release|Any CPU.Build.0 = Release|Any CPU
		{2E2BC694-FF1B-46D9-B742-1CC721F51BC5}.Debug|Any CPU.ActiveCfg = Debug|Any CPU
		{2E2BC694-FF1B-46D9-B742-1CC721F51BC5}.Debug|Any CPU.Build.0 = Debug|Any CPU
		{2E2BC694-FF1B-46D9-B742-1CC721F51BC5}.Release|Any CPU.ActiveCfg = Release|Any CPU
		{2E2BC694-FF1B-46D9-B742-1CC721F51BC5}.Release|Any CPU.Build.0 = Release|Any CPU
		{78EA85D2-CE8E-4077-9575-F46D32840D7E}.Debug|Any CPU.ActiveCfg = Debug|Any CPU
		{78EA85D2-CE8E-4077-9575-F46D32840D7E}.Debug|Any CPU.Build.0 = Debug|Any CPU
		{78EA85D2-CE8E-4077-9575-F46D32840D7E}.Release|Any CPU.ActiveCfg = Release|Any CPU
		{78EA85D2-CE8E-4077-9575-F46D32840D7E}.Release|Any CPU.Build.0 = Release|Any CPU
		{3B52D413-6BD5-4E92-86D6-3EBE9D3BFAC3}.Debug|Any CPU.ActiveCfg = Debug|Any CPU
		{3B52D413-6BD5-4E92-86D6-3EBE9D3BFAC3}.Debug|Any CPU.Build.0 = Debug|Any CPU
		{3B52D413-6BD5-4E92-86D6-3EBE9D3BFAC3}.Release|Any CPU.ActiveCfg = Release|Any CPU
		{3B52D413-6BD5-4E92-86D6-3EBE9D3BFAC3}.Release|Any CPU.Build.0 = Release|Any CPU
	EndGlobalSection
	GlobalSection(NestedProjects) = preSolution
		{098B31EF-7DE6-4245-B51B-01DE3AFBC573} = {B78ABB3C-6E86-4329-9121-35CE63305882}
		{2E2BC694-FF1B-46D9-B742-1CC721F51BC5} = {B78ABB3C-6E86-4329-9121-35CE63305882}
		{78EA85D2-CE8E-4077-9575-F46D32840D7E} = {B78ABB3C-6E86-4329-9121-35CE63305882}
		{3B52D413-6BD5-4E92-86D6-3EBE9D3BFAC3} = {B78ABB3C-6E86-4329-9121-35CE63305882}
	EndGlobalSection
EndGlobal
